
Microsoft Visual Studio Solution File, Format Version 11.00
# Visual Studio 2010
Project("{FAE04EC0-301F-11D3-BF4B-00C04F79EFBC}") = "tcpclient", "tcpclient\tcpclient.csproj", "{AAC20884-D836-40C1-BB4D-E5D4189218DB}"
EndProject
Project("{FAE04EC0-301F-11D3-BF4B-00C04F79EFBC}") = "tcpclient_sample", "tcpclient_sample\tcpclient_sample.csproj", "{2E02CA47-1FFB-4F24-BB8C-6B7D62120A64}"
EndProject
Global
	GlobalSection(SolutionConfigurationPlatforms) = preSolution
		Debug|Any CPU = Debug|Any CPU
		Release|Any CPU = Release|Any CPU
	EndGlobalSection
	GlobalSection(ProjectConfigurationPlatforms) = postSolution
		{AAC20884-D836-40C1-BB4D-E5D4189218DB}.Debug|Any CPU.ActiveCfg = Debug|Any CPU
		{AAC20884-D836-40C1-BB4D-E5D4189218DB}.Debug|Any CPU.Build.0 = Debug|Any CPU
		{AAC20884-D836-40C1-BB4D-E5D4189218DB}.Release|Any CPU.ActiveCfg = Release|Any CPU
		{AAC20884-D836-40C1-BB4D-E5D4189218DB}.Release|Any CPU.Build.0 = Release|Any CPU
		{2E02CA47-1FFB-4F24-BB8C-6B7D62120A64}.Debug|Any CPU.ActiveCfg = Debug|Any CPU
		{2E02CA47-1FFB-4F24-BB8C-6B7D62120A64}.Debug|Any CPU.Build.0 = Debug|Any CPU
		{2E02CA47-1FFB-4F24-BB8C-6B7D62120A64}.Debug|Any CPU.Deploy.0 = Debug|Any CPU
		{2E02CA47-1FFB-4F24-BB8C-6B7D62120A64}.Release|Any CPU.ActiveCfg = Release|Any CPU
		{2E02CA47-1FFB-4F24-BB8C-6B7D62120A64}.Release|Any CPU.Build.0 = Release|Any CPU
		{2E02CA47-1FFB-4F24-BB8C-6B7D62120A64}.Release|Any CPU.Deploy.0 = Release|Any CPU
	EndGlobalSection
	GlobalSection(SolutionProperties) = preSolution
		HideSolutionNode = FALSE
	EndGlobalSection
EndGlobal
